
Microsoft Visual Studio Solution File, Format Version 12.00
# Visual Studio Version 17
VisualStudioVersion = 17.11.35222.181
MinimumVisualStudioVersion = 10.0.40219.1
Project("{FAE04EC0-301F-11D3-BF4B-00C04F79EFBC}") = "MathUtils", "MathUtils\MathUtils.csproj", "{7EE2F66F-4684-4F09-A338-5CA94ACECEE9}"
EndProject
Project("{FAE04EC0-301F-11D3-BF4B-00C04F79EFBC}") = "MathUtilsUnitTests", "MathUtilsUnitTests\MathUtilsUnitTests.csproj", "{570E58D3-CB14-4834-911E-73156497A9AA}"
EndProject
Global
	GlobalSection(SolutionConfigurationPlatforms) = preSolution
		Debug|Any CPU = Debug|Any CPU
		Release|Any CPU = Release|Any CPU
	EndGlobalSection
	GlobalSection(ProjectConfigurationPlatforms) = postSolution
		{7EE2F66F-4684-4F09-A338-5CA94ACECEE9}.Debug|Any CPU.ActiveCfg = Debug|Any CPU
		{7EE2F66F-4684-4F09-A338-5CA94ACECEE9}.Debug|Any CPU.Build.0 = Debug|Any CPU
		{7EE2F66F-4684-4F09-A338-5CA94ACECEE9}.Release|Any CPU.ActiveCfg = Release|Any CPU
		{7EE2F66F-4684-4F09-A338-5CA94ACECEE9}.Release|Any CPU.Build.0 = Release|Any CPU
		{570E58D3-CB14-4834-911E-73156497A9AA}.Debug|Any CPU.ActiveCfg = Debug|Any CPU
		{570E58D3-CB14-4834-911E-73156497A9AA}.Debug|Any CPU.Build.0 = Debug|Any CPU
		{570E58D3-CB14-4834-911E-73156497A9AA}.Release|Any CPU.ActiveCfg = Release|Any CPU
		{570E58D3-CB14-4834-911E-73156497A9AA}.Release|Any CPU.Build.0 = Release|Any CPU
	EndGlobalSection
	GlobalSection(SolutionProperties) = preSolution
		HideSolutionNode = FALSE
	EndGlobalSection
	GlobalSection(ExtensibilityGlobals) = postSolution
		SolutionGuid = {F0F7171D-40E8-4D32-8909-284BB7DFA1CA}
	EndGlobalSection
EndGlobal
